# This file is automatically @generated by Poetry 1.8.5 and should not be changed by hand.

[[package]]
name = "clang"
version = "14.0.6"
description = "libclang python bindings"
optional = false
python-versions = "*"
files = [
    {file = "clang-14.0.6-py3-none-any.whl", hash = "sha256:1bb534a031473d6250fb6af7a2a7d545ca6d3e72781b4c688ee5c0782ce2e851"},
    {file = "clang-14.0.6.tar.gz", hash = "sha256:5ffb10e52328b6117c93b7b86fa5bf1df2d0bdfdd8011b208bda66209feee32a"},
]

[[package]]
name = "colorama"
version = "0.4.6"
description = "Cross-platform colored terminal text."
optional = false
python-versions = "!=3.0.*,!=3.1.*,!=3.2.*,!=3.3.*,!=3.4.*,!=3.5.*,!=3.6.*,>=2.7"
files = [
    {file = "colorama-0.4.6-py2.py3-none-any.whl", hash = "sha256:4f1d9991f5acc0ca119f9d443620b77f9d6b33703e51011c16baf57afb285fc6"},
    {file = "colorama-0.4.6.tar.gz", hash = "sha256:08695f5cb7ed6e0531a20572697297273c47b8cae5a63ffc6d6ed5c201be6e44"},
]

[[package]]
name = "exceptiongroup"
version = "1.2.2"
description = "Backport of PEP 654 (exception groups)"
optional = false
python-versions = ">=3.7"
files = [
    {file = "exceptiongroup-1.2.2-py3-none-any.whl", hash = "sha256:3111b9d131c238bec2f8f516e123e14ba243563fb135d3fe885990585aa7795b"},
    {file = "exceptiongroup-1.2.2.tar.gz", hash = "sha256:47c2edf7c6738fafb49fd34290706d1a1a2f4d1c6df275526b62cbb4aa5393cc"},
]

[package.extras]
test = ["pytest (>=6)"]

[[package]]
name = "importlib-metadata"
version = "6.7.0"
description = "Read metadata from Python packages"
optional = false
python-versions = ">=3.7"
files = [
    {file = "importlib_metadata-6.7.0-py3-none-any.whl", hash = "sha256:cb52082e659e97afc5dac71e79de97d8681de3aa07ff18578330904a9d18e5b5"},
    {file = "importlib_metadata-6.7.0.tar.gz", hash = "sha256:1aaf550d4f73e5d6783e7acb77aec43d49da8017410afae93822cc9cca98c4d4"},
]

[package.dependencies]
typing-extensions = {version = ">=3.6.4", markers = "python_version < \"3.8\""}
zipp = ">=0.5"

[package.extras]
docs = ["furo", "jaraco.packaging (>=9)", "jaraco.tidelift (>=1.4)", "rst.linker (>=1.9)", "sphinx (>=3.5)", "sphinx-lint"]
perf = ["ipython"]
testing = ["flufl.flake8", "importlib-resources (>=1.3)", "packaging", "pyfakefs", "pytest (>=6)", "pytest-black (>=0.3.7)", "pytest-checkdocs (>=2.4)", "pytest-cov", "pytest-enabler (>=1.3)", "pytest-mypy (>=0.9.1)", "pytest-perf (>=0.9.2)", "pytest-ruff"]

[[package]]
name = "iniconfig"
version = "2.0.0"
description = "brain-dead simple config-ini parsing"
optional = false
python-versions = ">=3.7"
files = [
    {file = "iniconfig-2.0.0-py3-none-any.whl", hash = "sha256:b6a85871a79d2e3b22d2d1b94ac2824226a63c6b741c88f7ae975f18b6778374"},
    {file = "iniconfig-2.0.0.tar.gz", hash = "sha256:2d91e135bf72d31a410b17c16da610a82cb55f6b0477d1a902134b24a455b8b3"},
]

[[package]]
name = "libclang"
version = "14.0.6"
description = "Clang Python Bindings, mirrored from the official LLVM repo: https://github.com/llvm/llvm-project/tree/main/clang/bindings/python, to make the installation process easier."
optional = false
python-versions = "*"
files = [
    {file = "libclang-14.0.6-py2.py3-none-macosx_10_9_x86_64.whl", hash = "sha256:8791cf3c3b087c373a6d61e9199da7a541da922c9ddcfed1122090586b996d6e"},
    {file = "libclang-14.0.6-py2.py3-none-macosx_11_0_arm64.whl", hash = "sha256:7b06fc76bd1e67c8b04b5719bf2ac5d6a323b289b245dfa9e468561d99538188"},
    {file = "libclang-14.0.6-py2.py3-none-manylinux1_x86_64.whl", hash = "sha256:e429853939423f276a25140b0b702442d7da9a09e001c05e48df888336947614"},
    {file = "libclang-14.0.6-py2.py3-none-manylinux2010_x86_64.whl", hash = "sha256:206d2789e4450a37d054e63b70451a6fc1873466397443fa13de2b3d4adb2796"},
    {file = "libclang-14.0.6-py2.py3-none-manylinux2014_aarch64.whl", hash = "sha256:e2add1703129b2abe066fb1890afa880870a89fd6ab4ec5d2a7a8dc8d271677e"},
    {file = "libclang-14.0.6-py2.py3-none-manylinux2014_armv7l.whl", hash = "sha256:5dd3c6fca1b007d308a4114afa8e4e9d32f32b2572520701d45fcc626ac5cd6c"},
    {file = "libclang-14.0.6-py2.py3-none-musllinux_1_2_x86_64.whl", hash = "sha256:cfb0e892ebb5dff6bd498ab5778adb8581f26a00fd8347b3c76c989fe2fd04f7"},
    {file = "libclang-14.0.6-py2.py3-none-win_amd64.whl", hash = "sha256:ea03c12675151837660cdd5dce65bd89320896ac3421efef43a36678f113ce95"},
    {file = "libclang-14.0.6-py2.py3-none-win_arm64.whl", hash = "sha256:2e4303e04517fcd11173cb2e51a7070eed71e16ef45d4e26a82c5e881cac3d27"},
    {file = "libclang-14.0.6.tar.gz", hash = "sha256:9052a8284d8846984f6fa826b1d7460a66d3b23a486d782633b42b6e3b418789"},
]

[[package]]
name = "packaging"
version = "24.0"
description = "Core utilities for Python packages"
optional = false
python-versions = ">=3.7"
files = [
    {file = "packaging-24.0-py3-none-any.whl", hash = "sha256:2ddfb553fdf02fb784c234c7ba6ccc288296ceabec964ad2eae3777778130bc5"},
    {file = "packaging-24.0.tar.gz", hash = "sha256:eb82c5e3e56209074766e6885bb04b8c38a0c015d0a30036ebe7ece34c9989e9"},
]

[[package]]
name = "pluggy"
version = "1.2.0"
description = "plugin and hook calling mechanisms for python"
optional = false
python-versions = ">=3.7"
files = [
    {file = "pluggy-1.2.0-py3-none-any.whl", hash = "sha256:c2fd55a7d7a3863cba1a013e4e2414658b1d07b6bc57b3919e0c63c9abb99849"},
    {file = "pluggy-1.2.0.tar.gz", hash = "sha256:d12f0c4b579b15f5e054301bb226ee85eeeba08ffec228092f8defbaa3a4c4b3"},
]

[package.dependencies]
importlib-metadata = {version = ">=0.12", markers = "python_version < \"3.8\""}

[package.extras]
dev = ["pre-commit", "tox"]
testing = ["pytest", "pytest-benchmark"]

[[package]]
name = "pytest"
version = "7.4.4"
description = "pytest: simple powerful testing with Python"
optional = false
python-versions = ">=3.7"
files = [
    {file = "pytest-7.4.4-py3-none-any.whl", hash = "sha256:b090cdf5ed60bf4c45261be03239c2c1c22df034fbffe691abe93cd80cea01d8"},
    {file = "pytest-7.4.4.tar.gz", hash = "sha256:2cf0005922c6ace4a3e2ec8b4080eb0d9753fdc93107415332f50ce9e7994280"},
]

[package.dependencies]
colorama = {version = "*", markers = "sys_platform == \"win32\""}
exceptiongroup = {version = ">=1.0.0rc8", markers = "python_version < \"3.11\""}
importlib-metadata = {version = ">=0.12", markers = "python_version < \"3.8\""}
iniconfig = "*"
packaging = "*"
pluggy = ">=0.12,<2.0"
tomli = {version = ">=1.0.0", markers = "python_version < \"3.11\""}

[package.extras]
testing = ["argcomplete", "attrs (>=19.2.0)", "hypothesis (>=3.56)", "mock", "nose", "pygments (>=2.7.2)", "requests", "setuptools", "xmlschema"]

[[package]]
name = "ruff"
version = "0.3.7"
description = "An extremely fast Python linter and code formatter, written in Rust."
optional = false
python-versions = ">=3.7"
files = [
    {file = "ruff-0.3.7-py3-none-macosx_10_12_x86_64.macosx_11_0_arm64.macosx_10_12_universal2.whl", hash = "sha256:0e8377cccb2f07abd25e84fc5b2cbe48eeb0fea9f1719cad7caedb061d70e5ce"},
    {file = "ruff-0.3.7-py3-none-macosx_10_12_x86_64.whl", hash = "sha256:15a4d1cc1e64e556fa0d67bfd388fed416b7f3b26d5d1c3e7d192c897e39ba4b"},
    {file = "ruff-0.3.7-py3-none-manylinux_2_17_aarch64.manylinux2014_aarch64.whl", hash = "sha256:d28bdf3d7dc71dd46929fafeec98ba89b7c3550c3f0978e36389b5631b793663"},
    {file = "ruff-0.3.7-py3-none-manylinux_2_17_armv7l.manylinux2014_armv7l.whl", hash = "sha256:379b67d4f49774ba679593b232dcd90d9e10f04d96e3c8ce4a28037ae473f7bb"},
    {file = "ruff-0.3.7-py3-none-manylinux_2_17_i686.manylinux2014_i686.whl", hash = "sha256:c060aea8ad5ef21cdfbbe05475ab5104ce7827b639a78dd55383a6e9895b7c51"},
    {file = "ruff-0.3.7-py3-none-manylinux_2_17_ppc64.manylinux2014_ppc64.whl", hash = "sha256:ebf8f615dde968272d70502c083ebf963b6781aacd3079081e03b32adfe4d58a"},
    {file = "ruff-0.3.7-py3-none-manylinux_2_17_ppc64le.manylinux2014_ppc64le.whl", hash = "sha256:d48098bd8f5c38897b03604f5428901b65e3c97d40b3952e38637b5404b739a2"},
    {file = "ruff-0.3.7-py3-none-manylinux_2_17_s390x.manylinux2014_s390x.whl", hash = "sha256:da8a4fda219bf9024692b1bc68c9cff4b80507879ada8769dc7e985755d662ea"},
    {file = "ruff-0.3.7-py3-none-manylinux_2_17_x86_64.manylinux2014_x86_64.whl", hash = "sha256:6c44e0149f1d8b48c4d5c33d88c677a4aa22fd09b1683d6a7ff55b816b5d074f"},
    {file = "ruff-0.3.7-py3-none-musllinux_1_2_aarch64.whl", hash = "sha256:3050ec0af72b709a62ecc2aca941b9cd479a7bf2b36cc4562f0033d688e44fa1"},
    {file = "ruff-0.3.7-py3-none-musllinux_1_2_armv7l.whl", hash = "sha256:a29cc38e4c1ab00da18a3f6777f8b50099d73326981bb7d182e54a9a21bb4ff7"},
    {file = "ruff-0.3.7-py3-none-musllinux_1_2_i686.whl", hash = "sha256:5b15cc59c19edca917f51b1956637db47e200b0fc5e6e1878233d3a938384b0b"},
    {file = "ruff-0.3.7-py3-none-musllinux_1_2_x86_64.whl", hash = "sha256:e491045781b1e38b72c91247cf4634f040f8d0cb3e6d3d64d38dcf43616650b4"},
    {file = "ruff-0.3.7-py3-none-win32.whl", hash = "sha256:bc931de87593d64fad3a22e201e55ad76271f1d5bfc44e1a1887edd0903c7d9f"},
    {file = "ruff-0.3.7-py3-none-win_amd64.whl", hash = "sha256:5ef0e501e1e39f35e03c2acb1d1238c595b8bb36cf7a170e7c1df1b73da00e74"},
    {file = "ruff-0.3.7-py3-none-win_arm64.whl", hash = "sha256:789e144f6dc7019d1f92a812891c645274ed08af6037d11fc65fcbc183b7d59f"},
    {file = "ruff-0.3.7.tar.gz", hash = "sha256:d5c1aebee5162c2226784800ae031f660c350e7a3402c4d1f8ea4e97e232e3ba"},
]

[[package]]
name = "tomli"
version = "2.0.1"
description = "A lil' TOML parser"
optional = false
python-versions = ">=3.7"
files = [
    {file = "tomli-2.0.1-py3-none-any.whl", hash = "sha256:939de3e7a6161af0c887ef91b7d41a53e7c5a1ca976325f429cb46ea9bc30ecc"},
    {file = "tomli-2.0.1.tar.gz", hash = "sha256:de526c12914f0c550d15924c62d72abc48d6fe7364aa87328337a31007fe8a4f"},
]

[[package]]
name = "typing-extensions"
version = "4.7.1"
description = "Backported and Experimental Type Hints for Python 3.7+"
optional = false
python-versions = ">=3.7"
files = [
    {file = "typing_extensions-4.7.1-py3-none-any.whl", hash = "sha256:440d5dd3af93b060174bf433bccd69b0babc3b15b1a8dca43789fd7f61514b36"},
    {file = "typing_extensions-4.7.1.tar.gz", hash = "sha256:b75ddc264f0ba5615db7ba217daeb99701ad295353c45f9e95963337ceeeffb2"},
]

[[package]]
name = "zipp"
version = "3.15.0"
description = "Backport of pathlib-compatible object wrapper for zip files"
optional = false
python-versions = ">=3.7"
files = [
    {file = "zipp-3.15.0-py3-none-any.whl", hash = "sha256:48904fc76a60e542af151aded95726c1a5c34ed43ab4134b597665c86d7ad556"},
    {file = "zipp-3.15.0.tar.gz", hash = "sha256:112929ad649da941c23de50f356a2b5570c954b65150642bccdd66bf194d224b"},
]

[package.extras]
docs = ["furo", "jaraco.packaging (>=9)", "jaraco.tidelift (>=1.4)", "rst.linker (>=1.9)", "sphinx (>=3.5)", "sphinx-lint"]
testing = ["big-O", "flake8 (<5)", "jaraco.functools", "jaraco.itertools", "more-itertools", "pytest (>=6)", "pytest-black (>=0.3.7)", "pytest-checkdocs (>=2.4)", "pytest-cov", "pytest-enabler (>=1.3)", "pytest-flake8", "pytest-mypy (>=0.9.1)"]

[metadata]
lock-version = "2.0"
python-versions = "^3.7"
content-hash = "e8f213891b1f2746be4dcba400e3c12a99ee3c6c5bb17f76f6c5f00ba89931c5"
